
Microsoft Visual Studio Solution File, Format Version 12.00
# Visual Studio Version 16
VisualStudioVersion = 16.0.30621.155
MinimumVisualStudioVersion = 10.0.40219.1
Project("{9A19103F-16F7-4668-BE54-9A1E7A4F7556}") = "OdeToFood", "OdeToFood\OdeToFood.csproj", "{927619F1-CF54-4080-98E7-79EA37A686D6}"
EndProject
Project("{9A19103F-16F7-4668-BE54-9A1E7A4F7556}") = "OdeToFood.Core", "OdeToFood.Core\OdeToFood.Core.csproj", "{CA3776A3-6CEE-4971-B335-90C7A7FBD7D6}"
EndProject
Project("{9A19103F-16F7-4668-BE54-9A1E7A4F7556}") = "OdeToFood.Data", "OdeToFood.Data\OdeToFood.Data.csproj", "{82A7E990-4020-4E5D-9D23-816DD68ED982}"
EndProject
Global
	GlobalSection(SolutionConfigurationPlatforms) = preSolution
		Debug|Any CPU = Debug|Any CPU
		Release|Any CPU = Release|Any CPU
	EndGlobalSection
	GlobalSection(ProjectConfigurationPlatforms) = postSolution
		{927619F1-CF54-4080-98E7-79EA37A686D6}.Debug|Any CPU.ActiveCfg = Debug|Any CPU
		{927619F1-CF54-4080-98E7-79EA37A686D6}.Debug|Any CPU.Build.0 = Debug|Any CPU
		{927619F1-CF54-4080-98E7-79EA37A686D6}.Release|Any CPU.ActiveCfg = Release|Any CPU
		{927619F1-CF54-4080-98E7-79EA37A686D6}.Release|Any CPU.Build.0 = Release|Any CPU
		{CA3776A3-6CEE-4971-B335-90C7A7FBD7D6}.Debug|Any CPU.ActiveCfg = Debug|Any CPU
		{CA3776A3-6CEE-4971-B335-90C7A7FBD7D6}.Debug|Any CPU.Build.0 = Debug|Any CPU
		{CA3776A3-6CEE-4971-B335-90C7A7FBD7D6}.Release|Any CPU.ActiveCfg = Release|Any CPU
		{CA3776A3-6CEE-4971-B335-90C7A7FBD7D6}.Release|Any CPU.Build.0 = Release|Any CPU
		{82A7E990-4020-4E5D-9D23-816DD68ED982}.Debug|Any CPU.ActiveCfg = Debug|Any CPU
		{82A7E990-4020-4E5D-9D23-816DD68ED982}.Debug|Any CPU.Build.0 = Debug|Any CPU
		{82A7E990-4020-4E5D-9D23-816DD68ED982}.Release|Any CPU.ActiveCfg = Release|Any CPU
		{82A7E990-4020-4E5D-9D23-816DD68ED982}.Release|Any CPU.Build.0 = Release|Any CPU
	EndGlobalSection
	GlobalSection(SolutionProperties) = preSolution
		HideSolutionNode = FALSE
	EndGlobalSection
	GlobalSection(ExtensibilityGlobals) = postSolution
		SolutionGuid = {9787DA5D-1927-41A4-A0B5-FAE0209A326F}
	EndGlobalSection
EndGlobal
